
Microsoft Visual Studio Solution File, Format Version 12.00
# Visual Studio 15
VisualStudioVersion = 15.0.27130.2027
MinimumVisualStudioVersion = 10.0.40219.1
Project("{A0786B88-2ADB-4C21-ABE8-AA2D79766269}") = "CareerTree", "CareerTree\CareerTree.phpproj", "{1CF2EA94-6403-4AEC-BF0D-563D309079E2}"
EndProject
Global
	GlobalSection(SolutionConfigurationPlatforms) = preSolution
		Debug|Any CPU = Debug|Any CPU
		Release|Any CPU = Release|Any CPU
	EndGlobalSection
	GlobalSection(ProjectConfigurationPlatforms) = postSolution
		{1CF2EA94-6403-4AEC-BF0D-563D309079E2}.Debug|Any CPU.ActiveCfg = Debug|Any CPU
		{1CF2EA94-6403-4AEC-BF0D-563D309079E2}.Release|Any CPU.ActiveCfg = Release|Any CPU
	EndGlobalSection
	GlobalSection(SolutionProperties) = preSolution
		HideSolutionNode = FALSE
	EndGlobalSection
	GlobalSection(ExtensibilityGlobals) = postSolution
		SolutionGuid = {49996009-1287-4AC9-AF00-BEB36804BA11}
	EndGlobalSection
EndGlobal
